
Microsoft Visual Studio Solution File, Format Version 12.00
# Visual Studio Version 17
VisualStudioVersion = 17.14.36408.4
MinimumVisualStudioVersion = 10.0.40219.1
Project("{FAE04EC0-301F-11D3-BF4B-00C04F79EFBC}") = "NorthumbriaFoundationTrust.Tests", "NorthumbriaFoundationTrust.Tests.csproj", "{A2983763-8A5E-9ECC-C25D-32D0D8AEFE26}"
EndProject
Global
	GlobalSection(SolutionConfigurationPlatforms) = preSolution
		Debug|Any CPU = Debug|Any CPU
		Release|Any CPU = Release|Any CPU
	EndGlobalSection
	GlobalSection(ProjectConfigurationPlatforms) = postSolution
		{A2983763-8A5E-9ECC-C25D-32D0D8AEFE26}.Debug|Any CPU.ActiveCfg = Debug|Any CPU
		{A2983763-8A5E-9ECC-C25D-32D0D8AEFE26}.Debug|Any CPU.Build.0 = Debug|Any CPU
		{A2983763-8A5E-9ECC-C25D-32D0D8AEFE26}.Release|Any CPU.ActiveCfg = Release|Any CPU
		{A2983763-8A5E-9ECC-C25D-32D0D8AEFE26}.Release|Any CPU.Build.0 = Release|Any CPU
	EndGlobalSection
	GlobalSection(SolutionProperties) = preSolution
		HideSolutionNode = FALSE
	EndGlobalSection
	GlobalSection(ExtensibilityGlobals) = postSolution
		SolutionGuid = {CC63E5F3-EB69-4167-A2A1-7DA307A4972B}
	EndGlobalSection
EndGlobal
